
Microsoft Visual Studio Solution File, Format Version 12.00
# Visual Studio Version 17
VisualStudioVersion = 17.13.35825.156 d17.13
MinimumVisualStudioVersion = 10.0.40219.1
Project("{FAE04EC0-301F-11D3-BF4B-00C04F79EFBC}") = "WeatherAppExercise", "WeatherAppExercise.csproj", "{3A4CEE11-0F27-4AA3-83F3-545F058DFBFA}"
EndProject
Global
	GlobalSection(SolutionConfigurationPlatforms) = preSolution
		Debug|Any CPU = Debug|Any CPU
		Release|Any CPU = Release|Any CPU
	EndGlobalSection
	GlobalSection(ProjectConfigurationPlatforms) = postSolution
		{3A4CEE11-0F27-4AA3-83F3-545F058DFBFA}.Debug|Any CPU.ActiveCfg = Debug|Any CPU
		{3A4CEE11-0F27-4AA3-83F3-545F058DFBFA}.Debug|Any CPU.Build.0 = Debug|Any CPU
		{3A4CEE11-0F27-4AA3-83F3-545F058DFBFA}.Release|Any CPU.ActiveCfg = Release|Any CPU
		{3A4CEE11-0F27-4AA3-83F3-545F058DFBFA}.Release|Any CPU.Build.0 = Release|Any CPU
	EndGlobalSection
	GlobalSection(SolutionProperties) = preSolution
		HideSolutionNode = FALSE
	EndGlobalSection
	GlobalSection(ExtensibilityGlobals) = postSolution
		SolutionGuid = {4B69D753-6C2C-4346-95E5-33B7620FE73E}
	EndGlobalSection
EndGlobal
